
Microsoft Visual Studio Solution File, Format Version 12.00
# Visual Studio Version 17
VisualStudioVersion = 17.0.32112.339
MinimumVisualStudioVersion = 10.0.40219.1
Project("{9A19103F-16F7-4668-BE54-9A1E7A4F7556}") = "CompanyEmployees", "CompanyEmployees\CompanyEmployees.csproj", "{4E90E43C-73F4-43D4-911D-BFACE4EE7296}"
EndProject
Project("{9A19103F-16F7-4668-BE54-9A1E7A4F7556}") = "Contracts", "Contracts\Contracts.csproj", "{48B2C768-3D36-473B-A491-0B908801BE75}"
EndProject
Project("{9A19103F-16F7-4668-BE54-9A1E7A4F7556}") = "LoggerService", "LoggerService\LoggerService.csproj", "{93E277B1-3E9C-4B17-B9C0-90D48907B1BB}"
EndProject
Project("{9A19103F-16F7-4668-BE54-9A1E7A4F7556}") = "Entities", "Entities\Entities.csproj", "{58C93453-26FF-40CE-B9F7-6145876F013F}"
EndProject
Project("{9A19103F-16F7-4668-BE54-9A1E7A4F7556}") = "Repository", "Repository\Repository.csproj", "{C59159AD-5AC8-4D39-BA53-AA979D9874AD}"
EndProject
Project("{FAE04EC0-301F-11D3-BF4B-00C04F79EFBC}") = "Service.Contracts", "Service.Contracts\Service.Contracts.csproj", "{68355CCA-4E57-45CD-AEE4-7558B1D427CA}"
EndProject
Project("{FAE04EC0-301F-11D3-BF4B-00C04F79EFBC}") = "Service", "Service\Service.csproj", "{9261D17A-DDB9-4CE6-B9A0-80350570DC3C}"
EndProject
Project("{FAE04EC0-301F-11D3-BF4B-00C04F79EFBC}") = "CompanyEmployees.Presentation", "CompanyEmployees.Presentation\CompanyEmployees.Presentation.csproj", "{0C52635F-D767-4148-A000-A076C29A26D6}"
EndProject
Project("{FAE04EC0-301F-11D3-BF4B-00C04F79EFBC}") = "Shared", "Shared\Shared.csproj", "{847C3E44-640A-4725-B24C-34EE0F8C361A}"
EndProject
Global
	GlobalSection(SolutionConfigurationPlatforms) = preSolution
		Debug|Any CPU = Debug|Any CPU
		Release|Any CPU = Release|Any CPU
	EndGlobalSection
	GlobalSection(ProjectConfigurationPlatforms) = postSolution
		{4E90E43C-73F4-43D4-911D-BFACE4EE7296}.Debug|Any CPU.ActiveCfg = Debug|Any CPU
		{4E90E43C-73F4-43D4-911D-BFACE4EE7296}.Debug|Any CPU.Build.0 = Debug|Any CPU
		{4E90E43C-73F4-43D4-911D-BFACE4EE7296}.Release|Any CPU.ActiveCfg = Release|Any CPU
		{4E90E43C-73F4-43D4-911D-BFACE4EE7296}.Release|Any CPU.Build.0 = Release|Any CPU
		{48B2C768-3D36-473B-A491-0B908801BE75}.Debug|Any CPU.ActiveCfg = Debug|Any CPU
		{48B2C768-3D36-473B-A491-0B908801BE75}.Debug|Any CPU.Build.0 = Debug|Any CPU
		{48B2C768-3D36-473B-A491-0B908801BE75}.Release|Any CPU.ActiveCfg = Release|Any CPU
		{48B2C768-3D36-473B-A491-0B908801BE75}.Release|Any CPU.Build.0 = Release|Any CPU
		{93E277B1-3E9C-4B17-B9C0-90D48907B1BB}.Debug|Any CPU.ActiveCfg = Debug|Any CPU
		{93E277B1-3E9C-4B17-B9C0-90D48907B1BB}.Debug|Any CPU.Build.0 = Debug|Any CPU
		{93E277B1-3E9C-4B17-B9C0-90D48907B1BB}.Release|Any CPU.ActiveCfg = Release|Any CPU
		{93E277B1-3E9C-4B17-B9C0-90D48907B1BB}.Release|Any CPU.Build.0 = Release|Any CPU
		{58C93453-26FF-40CE-B9F7-6145876F013F}.Debug|Any CPU.ActiveCfg = Debug|Any CPU
		{58C93453-26FF-40CE-B9F7-6145876F013F}.Debug|Any CPU.Build.0 = Debug|Any CPU
		{58C93453-26FF-40CE-B9F7-6145876F013F}.Release|Any CPU.ActiveCfg = Release|Any CPU
		{58C93453-26FF-40CE-B9F7-6145876F013F}.Release|Any CPU.Build.0 = Release|Any CPU
		{C59159AD-5AC8-4D39-BA53-AA979D9874AD}.Debug|Any CPU.ActiveCfg = Debug|Any CPU
		{C59159AD-5AC8-4D39-BA53-AA979D9874AD}.Debug|Any CPU.Build.0 = Debug|Any CPU
		{C59159AD-5AC8-4D39-BA53-AA979D9874AD}.Release|Any CPU.ActiveCfg = Release|Any CPU
		{C59159AD-5AC8-4D39-BA53-AA979D9874AD}.Release|Any CPU.Build.0 = Release|Any CPU
		{68355CCA-4E57-45CD-AEE4-7558B1D427CA}.Debug|Any CPU.ActiveCfg = Debug|Any CPU
		{68355CCA-4E57-45CD-AEE4-7558B1D427CA}.Debug|Any CPU.Build.0 = Debug|Any CPU
		{68355CCA-4E57-45CD-AEE4-7558B1D427CA}.Release|Any CPU.ActiveCfg = Release|Any CPU
		{68355CCA-4E57-45CD-AEE4-7558B1D427CA}.Release|Any CPU.Build.0 = Release|Any CPU
		{9261D17A-DDB9-4CE6-B9A0-80350570DC3C}.Debug|Any CPU.ActiveCfg = Debug|Any CPU
		{9261D17A-DDB9-4CE6-B9A0-80350570DC3C}.Debug|Any CPU.Build.0 = Debug|Any CPU
		{9261D17A-DDB9-4CE6-B9A0-80350570DC3C}.Release|Any CPU.ActiveCfg = Release|Any CPU
		{9261D17A-DDB9-4CE6-B9A0-80350570DC3C}.Release|Any CPU.Build.0 = Release|Any CPU
		{0C52635F-D767-4148-A000-A076C29A26D6}.Debug|Any CPU.ActiveCfg = Debug|Any CPU
		{0C52635F-D767-4148-A000-A076C29A26D6}.Debug|Any CPU.Build.0 = Debug|Any CPU
		{0C52635F-D767-4148-A000-A076C29A26D6}.Release|Any CPU.ActiveCfg = Release|Any CPU
		{0C52635F-D767-4148-A000-A076C29A26D6}.Release|Any CPU.Build.0 = Release|Any CPU
		{847C3E44-640A-4725-B24C-34EE0F8C361A}.Debug|Any CPU.ActiveCfg = Debug|Any CPU
		{847C3E44-640A-4725-B24C-34EE0F8C361A}.Debug|Any CPU.Build.0 = Debug|Any CPU
		{847C3E44-640A-4725-B24C-34EE0F8C361A}.Release|Any CPU.ActiveCfg = Release|Any CPU
		{847C3E44-640A-4725-B24C-34EE0F8C361A}.Release|Any CPU.Build.0 = Release|Any CPU
	EndGlobalSection
	GlobalSection(SolutionProperties) = preSolution
		HideSolutionNode = FALSE
	EndGlobalSection
	GlobalSection(ExtensibilityGlobals) = postSolution
		SolutionGuid = {2562EDC6-C7AE-45A2-88B8-E8BB2923C376}
	EndGlobalSection
EndGlobal
